{
    "_meta": {
        "hash": {
            "sha256": "a6c3e5ac030cb9d41bc7ed3832824ef75307d0f1f9fe8ade2a9a33264e3a8f23"
        },
        "pipfile-spec": 6,
        "requires": {
            "python_full_version": ">=3.10"
        },
        "sources": [
            {
                "name": "pypi",
                "url": "https://pypi.org/simple",
                "verify_ssl": true
            },
            {
                "name": "pytorch-cpu",
                "url": "https://download.pytorch.org/whl/cpu",
                "verify_ssl": true
            }
        ]
    },
    "default": {},
    "develop": {}
}
